
Microsoft Visual Studio Solution File, Format Version 12.00
# Visual Studio Version 17
VisualStudioVersion = 17.14.36429.23 d17.14
MinimumVisualStudioVersion = 10.0.40219.1
Project("{FAE04EC0-301F-11D3-BF4B-00C04F79EFBC}") = "AdmissionPortalCreator", "AdmissionPortalCreator\AdmissionPortalCreator.csproj", "{98F114C5-1DD2-403E-A1C8-683D71ABFF46}"
EndProject
Global
	GlobalSection(SolutionConfigurationPlatforms) = preSolution
		Debug|Any CPU = Debug|Any CPU
		Release|Any CPU = Release|Any CPU
	EndGlobalSection
	GlobalSection(ProjectConfigurationPlatforms) = postSolution
		{98F114C5-1DD2-403E-A1C8-683D71ABFF46}.Debug|Any CPU.ActiveCfg = Debug|Any CPU
		{98F114C5-1DD2-403E-A1C8-683D71ABFF46}.Debug|Any CPU.Build.0 = Debug|Any CPU
		{98F114C5-1DD2-403E-A1C8-683D71ABFF46}.Release|Any CPU.ActiveCfg = Release|Any CPU
		{98F114C5-1DD2-403E-A1C8-683D71ABFF46}.Release|Any CPU.Build.0 = Release|Any CPU
	EndGlobalSection
	GlobalSection(SolutionProperties) = preSolution
		HideSolutionNode = FALSE
	EndGlobalSection
	GlobalSection(ExtensibilityGlobals) = postSolution
		SolutionGuid = {B29245FA-4336-4EAA-9435-D8A01BCB89A2}
	EndGlobalSection
EndGlobal
